// !$*UTF8*$!
{
	archiveVersion = 1;
	classes = {
	};
	objectVersion = 46;
	objects = {

/* Begin PBXBuildFile section */
		179F53FE1D4D4D6D0034670E /* AppDelegate.swift in Sources */ = {isa = PBXBuildFile; fileRef = 179F53FD1D4D4D6D0034670E /* AppDelegate.swift */; };
		179F54001D4D4D6D0034670E /* ViewController.swift in Sources */ = {isa = PBXBuildFile; fileRef = 179F53FF1D4D4D6D0034670E /* ViewController.swift */; };
		179F54031D4D4D6D0034670E /* Main.storyboard in Resources */ = {isa = PBXBuildFile; fileRef = 179F54011D4D4D6D0034670E /* Main.storyboard */; };
		179F54051D4D4D6D0034670E /* Assets.xcassets in Resources */ = {isa = PBXBuildFile; fileRef = 179F54041D4D4D6D0034670E /* Assets.xcassets */; };
		179F54081D4D4D6D0034670E /* LaunchScreen.storyboard in Resources */ = {isa = PBXBuildFile; fileRef = 179F54061D4D4D6D0034670E /* LaunchScreen.storyboard */; };
		179F54131D4D4D6E0034670E /* MoviesTests.swift in Sources */ = {isa = PBXBuildFile; fileRef = 179F54121D4D4D6E0034670E /* MoviesTests.swift */; };
		179F541E1D4D4D6E0034670E /* MoviesUITests.swift in Sources */ = {isa = PBXBuildFile; fileRef = 179F541D1D4D4D6E0034670E /* MoviesUITests.swift */; };
		179F54321D4D521C0034670E /* APIManager.swift in Sources */ = {isa = PBXBuildFile; fileRef = 179F54311D4D521C0034670E /* APIManager.swift */; };
		179F54341D4E3B3C0034670E /* Constants.swift in Sources */ = {isa = PBXBuildFile; fileRef = 179F54331D4E3B3C0034670E /* Constants.swift */; };
		179F54361D4E3BCE0034670E /* Movies.swift in Sources */ = {isa = PBXBuildFile; fileRef = 179F54351D4E3BCE0034670E /* Movies.swift */; };
		179F543A1D4E526F0034670E /* Reachability.m in Sources */ = {isa = PBXBuildFile; fileRef = 179F54391D4E526F0034670E /* Reachability.m */; };
/* End PBXBuildFile section */

/* Begin PBXContainerItemProxy section */
		179F540F1D4D4D6E0034670E /* PBXContainerItemProxy */ = {
			isa = PBXContainerItemProxy;
			containerPortal = 179F53F21D4D4D6D0034670E /* Project object */;
			proxyType = 1;
			remoteGlobalIDString = 179F53F91D4D4D6D0034670E;
			remoteInfo = Movies;
		};
		179F541A1D4D4D6E0034670E /* PBXContainerItemProxy */ = {
			isa = PBXContainerItemProxy;
			containerPortal = 179F53F21D4D4D6D0034670E /* Project object */;
			proxyType = 1;
			remoteGlobalIDString = 179F53F91D4D4D6D0034670E;
			remoteInfo = Movies;
		};
/* End PBXContainerItemProxy section */

/* Begin PBXFileReference section */
		179F53FA1D4D4D6D0034670E /* Movies.app */ = {isa = PBXFileReference; explicitFileType = wrapper.application; includeInIndex = 0; path = Movies.app; sourceTree = BUILT_PRODUCTS_DIR; };
		179F53FD1D4D4D6D0034670E /* AppDelegate.swift */ = {isa = PBXFileReference; lastKnownFileType = sourcecode.swift; path = AppDelegate.swift; sourceTree = "<group>"; };
		179F53FF1D4D4D6D0034670E /* ViewController.swift */ = {isa = PBXFileReference; lastKnownFileType = sourcecode.swift; path = ViewController.swift; sourceTree = "<group>"; };
		179F54021D4D4D6D0034670E /* Base */ = {isa = PBXFileReference; lastKnownFileType = file.storyboard; name = Base; path = Base.lproj/Main.storyboard; sourceTree = "<group>"; };
		179F54041D4D4D6D0034670E /* Assets.xcassets */ = {isa = PBXFileReference; lastKnownFileType = folder.assetcatalog; path = Assets.xcassets; sourceTree = "<group>"; };
		179F54071D4D4D6D0034670E /* Base */ = {isa = PBXFileReference; lastKnownFileType = file.storyboard; name = Base; path = Base.lproj/LaunchScreen.storyboard; sourceTree = "<group>"; };
		179F54091D4D4D6D0034670E /* Info.plist */ = {isa = PBXFileReference; lastKnownFileType = text.plist.xml; path = Info.plist; sourceTree = "<group>"; };
		179F540E1D4D4D6E0034670E /* MoviesTests.xctest */ = {isa = PBXFileReference; explicitFileType = wrapper.cfbundle; includeInIndex = 0; path = MoviesTests.xctest; sourceTree = BUILT_PRODUCTS_DIR; };
		179F54121D4D4D6E0034670E /* MoviesTests.swift */ = {isa = PBXFileReference; lastKnownFileType = sourcecode.swift; path = MoviesTests.swift; sourceTree = "<group>"; };
		179F54141D4D4D6E0034670E /* Info.plist */ = {isa = PBXFileReference; lastKnownFileType = text.plist.xml; path = Info.plist; sourceTree = "<group>"; };
		179F54191D4D4D6E0034670E /* MoviesUITests.xctest */ = {isa = PBXFileReference; explicitFileType = wrapper.cfbundle; includeInIndex = 0; path = MoviesUITests.xctest; sourceTree = BUILT_PRODUCTS_DIR; };
		179F541D1D4D4D6E0034670E /* MoviesUITests.swift */ = {isa = PBXFileReference; lastKnownFileType = sourcecode.swift; path = MoviesUITests.swift; sourceTree = "<group>"; };
		179F541F1D4D4D6E0034670E /* Info.plist */ = {isa = PBXFileReference; lastKnownFileType = text.plist.xml; path = Info.plist; sourceTree = "<group>"; };
		179F54311D4D521C0034670E /* APIManager.swift */ = {isa = PBXFileReference; fileEncoding = 4; lastKnownFileType = sourcecode.swift; path = APIManager.swift; sourceTree = "<group>"; };
		179F54331D4E3B3C0034670E /* Constants.swift */ = {isa = PBXFileReference; fileEncoding = 4; lastKnownFileType = sourcecode.swift; path = Constants.swift; sourceTree = "<group>"; };
		179F54351D4E3BCE0034670E /* Movies.swift */ = {isa = PBXFileReference; fileEncoding = 4; lastKnownFileType = sourcecode.swift; path = Movies.swift; sourceTree = "<group>"; };
		179F54371D4E526E0034670E /* Movies-Bridging-Header.h */ = {isa = PBXFileReference; lastKnownFileType = sourcecode.c.h; path = "Movies-Bridging-Header.h"; sourceTree = "<group>"; };
		179F54381D4E526F0034670E /* Reachability.h */ = {isa = PBXFileReference; fileEncoding = 4; lastKnownFileType = sourcecode.c.h; path = Reachability.h; sourceTree = "<group>"; };
		179F54391D4E526F0034670E /* Reachability.m */ = {isa = PBXFileReference; fileEncoding = 4; lastKnownFileType = sourcecode.c.objc; path = Reachability.m; sourceTree = "<group>"; };
/* End PBXFileReference section */

/* Begin PBXFrameworksBuildPhase section */
		179F53F71D4D4D6D0034670E /* Frameworks */ = {
			isa = PBXFrameworksBuildPhase;
			buildActionMask = 2147483647;
			files = (
			);
			runOnlyForDeploymentPostprocessing = 0;
		};
		179F540B1D4D4D6E0034670E /* Frameworks */ = {
			isa = PBXFrameworksBuildPhase;
			buildActionMask = 2147483647;
			files = (
			);
			runOnlyForDeploymentPostprocessing = 0;
		};
		179F54161D4D4D6E0034670E /* Frameworks */ = {
			isa = PBXFrameworksBuildPhase;
			buildActionMask = 2147483647;
			files = (
			);
			runOnlyForDeploymentPostprocessing = 0;
		};
/* End PBXFrameworksBuildPhase section */

/* Begin PBXGroup section */
		179F53F11D4D4D6D0034670E = {
			isa = PBXGroup;
			children = (
				179F53FC1D4D4D6D0034670E /* Movies */,
				179F54111D4D4D6E0034670E /* MoviesTests */,
				179F541C1D4D4D6E0034670E /* MoviesUITests */,
				179F53FB1D4D4D6D0034670E /* Products */,
			);
			sourceTree = "<group>";
		};
		179F53FB1D4D4D6D0034670E /* Products */ = {
			isa = PBXGroup;
			children = (
				179F53FA1D4D4D6D0034670E /* Movies.app */,
				179F540E1D4D4D6E0034670E /* MoviesTests.xctest */,
				179F54191D4D4D6E0034670E /* MoviesUITests.xctest */,
			);
			name = Products;
			sourceTree = "<group>";
		};
		179F53FC1D4D4D6D0034670E /* Movies */ = {
			isa = PBXGroup;
			children = (
				179F542F1D4D4E240034670E /* Obj-C */,
				179F54301D4D4E330034670E /* Util */,
				179F542D1D4D4DC00034670E /* Model */,
				179F542E1D4D4DD20034670E /* View */,
				179F542C1D4D4DA90034670E /* Controller */,
				179F542B1D4D4D8B0034670E /* Supporting Files */,
			);
			path = Movies;
			sourceTree = "<group>";
		};
		179F54111D4D4D6E0034670E /* MoviesTests */ = {
			isa = PBXGroup;
			children = (
				179F54121D4D4D6E0034670E /* MoviesTests.swift */,
				179F54141D4D4D6E0034670E /* Info.plist */,
			);
			path = MoviesTests;
			sourceTree = "<group>";
		};
		179F541C1D4D4D6E0034670E /* MoviesUITests */ = {
			isa = PBXGroup;
			children = (
				179F541D1D4D4D6E0034670E /* MoviesUITests.swift */,
				179F541F1D4D4D6E0034670E /* Info.plist */,
			);
			path = MoviesUITests;
			sourceTree = "<group>";
		};
		179F542B1D4D4D8B0034670E /* Supporting Files */ = {
			isa = PBXGroup;
			children = (
				179F53FD1D4D4D6D0034670E /* AppDelegate.swift */,
				179F54041D4D4D6D0034670E /* Assets.xcassets */,
				179F54091D4D4D6D0034670E /* Info.plist */,
			);
			name = "Supporting Files";
			sourceTree = "<group>";
		};
		179F542C1D4D4DA90034670E /* Controller */ = {
			isa = PBXGroup;
			children = (
				179F53FF1D4D4D6D0034670E /* ViewController.swift */,
			);
			name = Controller;
			sourceTree = "<group>";
		};
		179F542D1D4D4DC00034670E /* Model */ = {
			isa = PBXGroup;
			children = (
				179F54311D4D521C0034670E /* APIManager.swift */,
				179F54351D4E3BCE0034670E /* Movies.swift */,
			);
			name = Model;
			sourceTree = "<group>";
		};
		179F542E1D4D4DD20034670E /* View */ = {
			isa = PBXGroup;
			children = (
				179F54011D4D4D6D0034670E /* Main.storyboard */,
				179F54061D4D4D6D0034670E /* LaunchScreen.storyboard */,
			);
			name = View;
			sourceTree = "<group>";
		};
		179F542F1D4D4E240034670E /* Obj-C */ = {
			isa = PBXGroup;
			children = (
				179F54381D4E526F0034670E /* Reachability.h */,
				179F54391D4E526F0034670E /* Reachability.m */,
				179F54371D4E526E0034670E /* Movies-Bridging-Header.h */,
			);
			name = "Obj-C";
			sourceTree = "<group>";
		};
		179F54301D4D4E330034670E /* Util */ = {
			isa = PBXGroup;
			children = (
				179F54331D4E3B3C0034670E /* Constants.swift */,
			);
			name = Util;
			sourceTree = "<group>";
		};
/* End PBXGroup section */

/* Begin PBXNativeTarget section */
		179F53F91D4D4D6D0034670E /* Movies */ = {
			isa = PBXNativeTarget;
			buildConfigurationList = 179F54221D4D4D6E0034670E /* Build configuration list for PBXNativeTarget "Movies" */;
			buildPhases = (
				179F53F61D4D4D6D0034670E /* Sources */,
				179F53F71D4D4D6D0034670E /* Frameworks */,
				179F53F81D4D4D6D0034670E /* Resources */,
			);
			buildRules = (
			);
			dependencies = (
			);
			name = Movies;
			productName = Movies;
			productReference = 179F53FA1D4D4D6D0034670E /* Movies.app */;
			productType = "com.apple.product-type.application";
		};
		179F540D1D4D4D6E0034670E /* MoviesTests */ = {
			isa = PBXNativeTarget;
			buildConfigurationList = 179F54251D4D4D6E0034670E /* Build configuration list for PBXNativeTarget "MoviesTests" */;
			buildPhases = (
				179F540A1D4D4D6E0034670E /* Sources */,
				179F540B1D4D4D6E0034670E /* Frameworks */,
				179F540C1D4D4D6E0034670E /* Resources */,
			);
			buildRules = (
			);
			dependencies = (
				179F54101D4D4D6E0034670E /* PBXTargetDependency */,
			);
			name = MoviesTests;
			productName = MoviesTests;
			productReference = 179F540E1D4D4D6E0034670E /* MoviesTests.xctest */;
			productType = "com.apple.product-type.bundle.unit-test";
		};
		179F54181D4D4D6E0034670E /* MoviesUITests */ = {
			isa = PBXNativeTarget;
			buildConfigurationList = 179F54281D4D4D6E0034670E /* Build configuration list for PBXNativeTarget "MoviesUITests" */;
			buildPhases = (
				179F54151D4D4D6E0034670E /* Sources */,
				179F54161D4D4D6E0034670E /* Frameworks */,
				179F54171D4D4D6E0034670E /* Resources */,
			);
			buildRules = (
			);
			dependencies = (
				179F541B1D4D4D6E0034670E /* PBXTargetDependency */,
			);
			name = MoviesUITests;
			productName = MoviesUITests;
			productReference = 179F54191D4D4D6E0034670E /* MoviesUITests.xctest */;
			productType = "com.apple.product-type.bundle.ui-testing";
		};
/* End PBXNativeTarget section */

/* Begin PBXProject section */
		179F53F21D4D4D6D0034670E /* Project object */ = {
			isa = PBXProject;
			attributes = {
				LastSwiftUpdateCheck = 0730;
				LastUpgradeCheck = 0730;
				ORGANIZATIONNAME = "Bit Smartz LLC";
				TargetAttributes = {
					179F53F91D4D4D6D0034670E = {
						CreatedOnToolsVersion = 7.3.1;
					};
					179F540D1D4D4D6E0034670E = {
						CreatedOnToolsVersion = 7.3.1;
						TestTargetID = 179F53F91D4D4D6D0034670E;
					};
					179F54181D4D4D6E0034670E = {
						CreatedOnToolsVersion = 7.3.1;
						TestTargetID = 179F53F91D4D4D6D0034670E;
					};
				};
			};
			buildConfigurationList = 179F53F51D4D4D6D0034670E /* Build configuration list for PBXProject "Movies" */;
			compatibilityVersion = "Xcode 3.2";
			developmentRegion = English;
			hasScannedForEncodings = 0;
			knownRegions = (
				en,
				Base,
			);
			mainGroup = 179F53F11D4D4D6D0034670E;
			productRefGroup = 179F53FB1D4D4D6D0034670E /* Products */;
			projectDirPath = "";
			projectRoot = "";
			targets = (
				179F53F91D4D4D6D0034670E /* Movies */,
				179F540D1D4D4D6E0034670E /* MoviesTests */,
				179F54181D4D4D6E0034670E /* MoviesUITests */,
			);
		};
/* End PBXProject section */

/* Begin PBXResourcesBuildPhase section */
		179F53F81D4D4D6D0034670E /* Resources */ = {
			isa = PBXResourcesBuildPhase;
			buildActionMask = 2147483647;
			files = (
				179F54081D4D4D6D0034670E /* LaunchScreen.storyboard in Resources */,
				179F54051D4D4D6D0034670E /* Assets.xcassets in Resources */,
				179F54031D4D4D6D0034670E /* Main.storyboard in Resources */,
			);
			runOnlyForDeploymentPostprocessing = 0;
		};
		179F540C1D4D4D6E0034670E /* Resources */ = {
			isa = PBXResourcesBuildPhase;
			buildActionMask = 2147483647;
			files = (
			);
			runOnlyForDeploymentPostprocessing = 0;
		};
		179F54171D4D4D6E0034670E /* Resources */ = {
			isa = PBXResourcesBuildPhase;
			buildActionMask = 2147483647;
			files = (
			);
			runOnlyForDeploymentPostprocessing = 0;
		};
/* End PBXResourcesBuildPhase section */

/* Begin PBXSourcesBuildPhase section */
		179F53F61D4D4D6D0034670E /* Sources */ = {
			isa = PBXSourcesBuildPhase;
			buildActionMask = 2147483647;
			files = (
				179F54361D4E3BCE0034670E /* Movies.swift in Sources */,
				179F54321D4D521C0034670E /* APIManager.swift in Sources */,
				179F54001D4D4D6D0034670E /* ViewController.swift in Sources */,
				179F53FE1D4D4D6D0034670E /* AppDelegate.swift in Sources */,
				179F543A1D4E526F0034670E /* Reachability.m in Sources */,
				179F54341D4E3B3C0034670E /* Constants.swift in Sources */,
			);
			runOnlyForDeploymentPostprocessing = 0;
		};
		179F540A1D4D4D6E0034670E /* Sources */ = {
			isa = PBXSourcesBuildPhase;
			buildActionMask = 2147483647;
			files = (
				179F54131D4D4D6E0034670E /* MoviesTests.swift in Sources */,
			);
			runOnlyForDeploymentPostprocessing = 0;
		};
		179F54151D4D4D6E0034670E /* Sources */ = {
			isa = PBXSourcesBuildPhase;
			buildActionMask = 2147483647;
			files = (
				179F541E1D4D4D6E0034670E /* MoviesUITests.swift in Sources */,
			);
			runOnlyForDeploymentPostprocessing = 0;
		};
/* End PBXSourcesBuildPhase section */

/* Begin PBXTargetDependency section */
		179F54101D4D4D6E0034670E /* PBXTargetDependency */ = {
			isa = PBXTargetDependency;
			target = 179F53F91D4D4D6D0034670E /* Movies */;
			targetProxy = 179F540F1D4D4D6E0034670E /* PBXContainerItemProxy */;
		};
		179F541B1D4D4D6E0034670E /* PBXTargetDependency */ = {
			isa = PBXTargetDependency;
			target = 179F53F91D4D4D6D0034670E /* Movies */;
			targetProxy = 179F541A1D4D4D6E0034670E /* PBXContainerItemProxy */;
		};
/* End PBXTargetDependency section */

/* Begin PBXVariantGroup section */
		179F54011D4D4D6D0034670E /* Main.storyboard */ = {
			isa = PBXVariantGroup;
			children = (
				179F54021D4D4D6D0034670E /* Base */,
			);
			name = Main.storyboard;
			sourceTree = "<group>";
		};
		179F54061D4D4D6D0034670E /* LaunchScreen.storyboard */ = {
			isa = PBXVariantGroup;
			children = (
				179F54071D4D4D6D0034670E /* Base */,
			);
			name = LaunchScreen.storyboard;
			sourceTree = "<group>";
		};
/* End PBXVariantGroup section */

/* Begin XCBuildConfiguration section */
		179F54201D4D4D6E0034670E /* Debug */ = {
			isa = XCBuildConfiguration;
			buildSettings = {
				ALWAYS_SEARCH_USER_PATHS = NO;
				CLANG_ANALYZER_NONNULL = YES;
				CLANG_CXX_LANGUAGE_STANDARD = "gnu++0x";
				CLANG_CXX_LIBRARY = "libc++";
				CLANG_ENABLE_MODULES = YES;
				CLANG_ENABLE_OBJC_ARC = YES;
				CLANG_WARN_BOOL_CONVERSION = YES;
				CLANG_WARN_CONSTANT_CONVERSION = YES;
				CLANG_WARN_DIRECT_OBJC_ISA_USAGE = YES_ERROR;
				CLANG_WARN_EMPTY_BODY = YES;
				CLANG_WARN_ENUM_CONVERSION = YES;
				CLANG_WARN_INT_CONVERSION = YES;
				CLANG_WARN_OBJC_ROOT_CLASS = YES_ERROR;
				CLANG_WARN_UNREACHABLE_CODE = YES;
				CLANG_WARN__DUPLICATE_METHOD_MATCH = YES;
				"CODE_SIGN_IDENTITY[sdk=iphoneos*]" = "iPhone Developer";
				COPY_PHASE_STRIP = NO;
				DEBUG_INFORMATION_FORMAT = dwarf;
				ENABLE_STRICT_OBJC_MSGSEND = YES;
				ENABLE_TESTABILITY = YES;
				GCC_C_LANGUAGE_STANDARD = gnu99;
				GCC_DYNAMIC_NO_PIC = NO;
				GCC_NO_COMMON_BLOCKS = YES;
				GCC_OPTIMIZATION_LEVEL = 0;
				GCC_PREPROCESSOR_DEFINITIONS = (
					"DEBUG=1",
					"$(inherited)",
				);
				GCC_WARN_64_TO_32_BIT_CONVERSION = YES;
				GCC_WARN_ABOUT_RETURN_TYPE = YES_ERROR;
				GCC_WARN_UNDECLARED_SELECTOR = YES;
				GCC_WARN_UNINITIALIZED_AUTOS = YES_AGGRESSIVE;
				GCC_WARN_UNUSED_FUNCTION = YES;
				GCC_WARN_UNUSED_VARIABLE = YES;
				IPHONEOS_DEPLOYMENT_TARGET = 9.3;
				MTL_ENABLE_DEBUG_INFO = YES;
				ONLY_ACTIVE_ARCH = YES;
				SDKROOT = iphoneos;
				SWIFT_OPTIMIZATION_LEVEL = "-Onone";
				TARGETED_DEVICE_FAMILY = "1,2";
			};
			name = Debug;
		};
		179F54211D4D4D6E0034670E /* Release */ = {
			isa = XCBuildConfiguration;
			buildSettings = {
				ALWAYS_SEARCH_USER_PATHS = NO;
				CLANG_ANALYZER_NONNULL = YES;
				CLANG_CXX_LANGUAGE_STANDARD = "gnu++0x";
				CLANG_CXX_LIBRARY = "libc++";
				CLANG_ENABLE_MODULES = YES;
				CLANG_ENABLE_OBJC_ARC = YES;
				CLANG_WARN_BOOL_CONVERSION = YES;
				CLANG_WARN_CONSTANT_CONVERSION = YES;
				CLANG_WARN_DIRECT_OBJC_ISA_USAGE = YES_ERROR;
				CLANG_WARN_EMPTY_BODY = YES;
				CLANG_WARN_ENUM_CONVERSION = YES;
				CLANG_WARN_INT_CONVERSION = YES;
				CLANG_WARN_OBJC_ROOT_CLASS = YES_ERROR;
				CLANG_WARN_UNREACHABLE_CODE = YES;
				CLANG_WARN__DUPLICATE_METHOD_MATCH = YES;
				"CODE_SIGN_IDENTITY[sdk=iphoneos*]" = "iPhone Developer";
				COPY_PHASE_STRIP = NO;
				DEBUG_INFORMATION_FORMAT = "dwarf-with-dsym";
				ENABLE_NS_ASSERTIONS = NO;
				ENABLE_STRICT_OBJC_MSGSEND = YES;
				GCC_C_LANGUAGE_STANDARD = gnu99;
				GCC_NO_COMMON_BLOCKS = YES;
				GCC_WARN_64_TO_32_BIT_CONVERSION = YES;
				GCC_WARN_ABOUT_RETURN_TYPE = YES_ERROR;
				GCC_WARN_UNDECLARED_SELECTOR = YES;
				GCC_WARN_UNINITIALIZED_AUTOS = YES_AGGRESSIVE;
				GCC_WARN_UNUSED_FUNCTION = YES;
				GCC_WARN_UNUSED_VARIABLE = YES;
				IPHONEOS_DEPLOYMENT_TARGET = 9.3;
				MTL_ENABLE_DEBUG_INFO = NO;
				SDKROOT = iphoneos;
				TARGETED_DEVICE_FAMILY = "1,2";
				VALIDATE_PRODUCT = YES;
			};
			name = Release;
		};
		179F54231D4D4D6E0034670E /* Debug */ = {
			isa = XCBuildConfiguration;
			buildSettings = {
				ASSETCATALOG_COMPILER_APPICON_NAME = AppIcon;
				CLANG_ENABLE_MODULES = YES;
				INFOPLIST_FILE = Movies/Info.plist;
				LD_RUNPATH_SEARCH_PATHS = "$(inherited) @executable_path/Frameworks";
				PRODUCT_BUNDLE_IDENTIFIER = com.bitsmartz.Movies;
				PRODUCT_NAME = "$(TARGET_NAME)";
				SWIFT_OBJC_BRIDGING_HEADER = "Movies/Movies-Bridging-Header.h";
				SWIFT_OPTIMIZATION_LEVEL = "-Onone";
			};
			name = Debug;
		};
		179F54241D4D4D6E0034670E /* Release */ = {
			isa = XCBuildConfiguration;
			buildSettings = {
				ASSETCATALOG_COMPILER_APPICON_NAME = AppIcon;
				CLANG_ENABLE_MODULES = YES;
				INFOPLIST_FILE = Movies/Info.plist;
				LD_RUNPATH_SEARCH_PATHS = "$(inherited) @executable_path/Frameworks";
				PRODUCT_BUNDLE_IDENTIFIER = com.bitsmartz.Movies;
				PRODUCT_NAME = "$(TARGET_NAME)";
				SWIFT_OBJC_BRIDGING_HEADER = "Movies/Movies-Bridging-Header.h";
			};
			name = Release;
		};
		179F54261D4D4D6E0034670E /* Debug */ = {
			isa = XCBuildConfiguration;
			buildSettings = {
				BUNDLE_LOADER = "$(TEST_HOST)";
				INFOPLIST_FILE = MoviesTests/Info.plist;
				LD_RUNPATH_SEARCH_PATHS = "$(inherited) @executable_path/Frameworks @loader_path/Frameworks";
				PRODUCT_BUNDLE_IDENTIFIER = com.bitsmartz.MoviesTests;
				PRODUCT_NAME = "$(TARGET_NAME)";
				TEST_HOST = "$(BUILT_PRODUCTS_DIR)/Movies.app/Movies";
			};
			name = Debug;
		};
		179F54271D4D4D6E0034670E /* Release */ = {
			isa = XCBuildConfiguration;
			buildSettings = {
				BUNDLE_LOADER = "$(TEST_HOST)";
				INFOPLIST_FILE = MoviesTests/Info.plist;
				LD_RUNPATH_SEARCH_PATHS = "$(inherited) @executable_path/Frameworks @loader_path/Frameworks";
				PRODUCT_BUNDLE_IDENTIFIER = com.bitsmartz.MoviesTests;
				PRODUCT_NAME = "$(TARGET_NAME)";
				TEST_HOST = "$(BUILT_PRODUCTS_DIR)/Movies.app/Movies";
			};
			name = Release;
		};
		179F54291D4D4D6E0034670E /* Debug */ = {
			isa = XCBuildConfiguration;
			buildSettings = {
				INFOPLIST_FILE = MoviesUITests/Info.plist;
				LD_RUNPATH_SEARCH_PATHS = "$(inherited) @executable_path/Frameworks @loader_path/Frameworks";
				PRODUCT_BUNDLE_IDENTIFIER = com.bitsmartz.MoviesUITests;
				PRODUCT_NAME = "$(TARGET_NAME)";
				TEST_TARGET_NAME = Movies;
			};
			name = Debug;
		};
		179F542A1D4D4D6E0034670E /* Release */ = {
			isa = XCBuildConfiguration;
			buildSettings = {
				INFOPLIST_FILE = MoviesUITests/Info.plist;
				LD_RUNPATH_SEARCH_PATHS = "$(inherited) @executable_path/Frameworks @loader_path/Frameworks";
				PRODUCT_BUNDLE_IDENTIFIER = com.bitsmartz.MoviesUITests;
				PRODUCT_NAME = "$(TARGET_NAME)";
				TEST_TARGET_NAME = Movies;
			};
			name = Release;
		};
/* End XCBuildConfiguration section */

/* Begin XCConfigurationList section */
		179F53F51D4D4D6D0034670E /* Build configuration list for PBXProject "Movies" */ = {
			isa = XCConfigurationList;
			buildConfigurations = (
				179F54201D4D4D6E0034670E /* Debug */,
				179F54211D4D4D6E0034670E /* Release */,
			);
			defaultConfigurationIsVisible = 0;
			defaultConfigurationName = Release;
		};
		179F54221D4D4D6E0034670E /* Build configuration list for PBXNativeTarget "Movies" */ = {
			isa = XCConfigurationList;
			buildConfigurations = (
				179F54231D4D4D6E0034670E /* Debug */,
				179F54241D4D4D6E0034670E /* Release */,
			);
			defaultConfigurationIsVisible = 0;
			defaultConfigurationName = Release;
		};
		179F54251D4D4D6E0034670E /* Build configuration list for PBXNativeTarget "MoviesTests" */ = {
			isa = XCConfigurationList;
			buildConfigurations = (
				179F54261D4D4D6E0034670E /* Debug */,
				179F54271D4D4D6E0034670E /* Release */,
			);
			defaultConfigurationIsVisible = 0;
			defaultConfigurationName = Release;
		};
		179F54281D4D4D6E0034670E /* Build configuration list for PBXNativeTarget "MoviesUITests" */ = {
			isa = XCConfigurationList;
			buildConfigurations = (
				179F54291D4D4D6E0034670E /* Debug */,
				179F542A1D4D4D6E0034670E /* Release */,
			);
			defaultConfigurationIsVisible = 0;
			defaultConfigurationName = Release;
		};
/* End XCConfigurationList section */
	};
	rootObject = 179F53F21D4D4D6D0034670E /* Project object */;
}
